// !$*UTF8*$!
{
	archiveVersion = 1;
	classes = {
	};
	objectVersion = 77;
	objects = {

/* Begin PBXContainerItemProxy section */
		7AD711AB2D76F229009B8B6D /* PBXContainerItemProxy */ = {
			isa = PBXContainerItemProxy;
			containerPortal = 7AD711922D76F228009B8B6D /* Project object */;
			proxyType = 1;
			remoteGlobalIDString = 7AD711992D76F228009B8B6D;
			remoteInfo = ClubCam;
		};
		7AD711B52D76F22A009B8B6D /* PBXContainerItemProxy */ = {
			isa = PBXContainerItemProxy;
			containerPortal = 7AD711922D76F228009B8B6D /* Project object */;
			proxyType = 1;
			remoteGlobalIDString = 7AD711992D76F228009B8B6D;
			remoteInfo = ClubCam;
		};
/* End PBXContainerItemProxy section */

/* Begin PBXFileReference section */
		7AD7119A2D76F228009B8B6D /* ClubCam.app */ = {isa = PBXFileReference; explicitFileType = wrapper.application; includeInIndex = 0; path = ClubCam.app; sourceTree = BUILT_PRODUCTS_DIR; };
		7AD711AA2D76F229009B8B6D /* ClubCamTests.xctest */ = {isa = PBXFileReference; explicitFileType = wrapper.cfbundle; includeInIndex = 0; path = ClubCamTests.xctest; sourceTree = BUILT_PRODUCTS_DIR; };
		7AD711B42D76F22A009B8B6D /* ClubCamUITests.xctest */ = {isa = PBXFileReference; explicitFileType = wrapper.cfbundle; includeInIndex = 0; path = ClubCamUITests.xctest; sourceTree = BUILT_PRODUCTS_DIR; };
/* End PBXFileReference section */

/* Begin PBXFileSystemSynchronizedBuildFileExceptionSet section */
		7AD711F82D76F81D009B8B6D /* Exceptions for "ClubCam" folder in "ClubCam" target */ = {
			isa = PBXFileSystemSynchronizedBuildFileExceptionSet;
			membershipExceptions = (
				Info.plist,
			);
			target = 7AD711992D76F228009B8B6D /* ClubCam */;
		};
/* End PBXFileSystemSynchronizedBuildFileExceptionSet section */

/* Begin PBXFileSystemSynchronizedRootGroup section */
		7AD7119C2D76F228009B8B6D /* ClubCam */ = {
			isa = PBXFileSystemSynchronizedRootGroup;
			exceptions = (
				7AD711F82D76F81D009B8B6D /* Exceptions for "ClubCam" folder in "ClubCam" target */,
			);
			path = ClubCam;
			sourceTree = "<group>";
		};
		7AD711AD2D76F229009B8B6D /* ClubCamTests */ = {
			isa = PBXFileSystemSynchronizedRootGroup;
			path = ClubCamTests;
			sourceTree = "<group>";
		};
		7AD711B72D76F22A009B8B6D /* ClubCamUITests */ = {
			isa = PBXFileSystemSynchronizedRootGroup;
			path = ClubCamUITests;
			sourceTree = "<group>";
		};
/* End PBXFileSystemSynchronizedRootGroup section */

/* Begin PBXFrameworksBuildPhase section */
		7AD711972D76F228009B8B6D /* Frameworks */ = {
			isa = PBXFrameworksBuildPhase;
			buildActionMask = 2147483647;
			files = (
			);
			runOnlyForDeploymentPostprocessing = 0;
		};
		7AD711A72D76F229009B8B6D /* Frameworks */ = {
			isa = PBXFrameworksBuildPhase;
			buildActionMask = 2147483647;
			files = (
			);
			runOnlyForDeploymentPostprocessing = 0;
		};
		7AD711B12D76F22A009B8B6D /* Frameworks */ = {
			isa = PBXFrameworksBuildPhase;
			buildActionMask = 2147483647;
			files = (
			);
			runOnlyForDeploymentPostprocessing = 0;
		};
/* End PBXFrameworksBuildPhase section */

/* Begin PBXGroup section */
		7AD711912D76F228009B8B6D = {
			isa = PBXGroup;
			children = (
				7AD7119C2D76F228009B8B6D /* ClubCam */,
				7AD711AD2D76F229009B8B6D /* ClubCamTests */,
				7AD711B72D76F22A009B8B6D /* ClubCamUITests */,
				7AD7119B2D76F228009B8B6D /* Products */,
			);
			sourceTree = "<group>";
		};
		7AD7119B2D76F228009B8B6D /* Products */ = {
			isa = PBXGroup;
			children = (
				7AD7119A2D76F228009B8B6D /* ClubCam.app */,
				7AD711AA2D76F229009B8B6D /* ClubCamTests.xctest */,
				7AD711B42D76F22A009B8B6D /* ClubCamUITests.xctest */,
			);
			name = Products;
			sourceTree = "<group>";
		};
/* End PBXGroup section */

/* Begin PBXNativeTarget section */
		7AD711992D76F228009B8B6D /* ClubCam */ = {
			isa = PBXNativeTarget;
			buildConfigurationList = 7AD711BE2D76F22A009B8B6D /* Build configuration list for PBXNativeTarget "ClubCam" */;
			buildPhases = (
				7AD711962D76F228009B8B6D /* Sources */,
				7AD711972D76F228009B8B6D /* Frameworks */,
				7AD711982D76F228009B8B6D /* Resources */,
			);
			buildRules = (
			);
			dependencies = (
			);
			fileSystemSynchronizedGroups = (
				7AD7119C2D76F228009B8B6D /* ClubCam */,
			);
			name = ClubCam;
			packageProductDependencies = (
			);
			productName = ClubCam;
			productReference = 7AD7119A2D76F228009B8B6D /* ClubCam.app */;
			productType = "com.apple.product-type.application";
		};
		7AD711A92D76F229009B8B6D /* ClubCamTests */ = {
			isa = PBXNativeTarget;
			buildConfigurationList = 7AD711C12D76F22A009B8B6D /* Build configuration list for PBXNativeTarget "ClubCamTests" */;
			buildPhases = (
				7AD711A62D76F229009B8B6D /* Sources */,
				7AD711A72D76F229009B8B6D /* Frameworks */,
				7AD711A82D76F229009B8B6D /* Resources */,
			);
			buildRules = (
			);
			dependencies = (
				7AD711AC2D76F229009B8B6D /* PBXTargetDependency */,
			);
			fileSystemSynchronizedGroups = (
				7AD711AD2D76F229009B8B6D /* ClubCamTests */,
			);
			name = ClubCamTests;
			packageProductDependencies = (
			);
			productName = ClubCamTests;
			productReference = 7AD711AA2D76F229009B8B6D /* ClubCamTests.xctest */;
			productType = "com.apple.product-type.bundle.unit-test";
		};
		7AD711B32D76F22A009B8B6D /* ClubCamUITests */ = {
			isa = PBXNativeTarget;
			buildConfigurationList = 7AD711C42D76F22A009B8B6D /* Build configuration list for PBXNativeTarget "ClubCamUITests" */;
			buildPhases = (
				7AD711B02D76F22A009B8B6D /* Sources */,
				7AD711B12D76F22A009B8B6D /* Frameworks */,
				7AD711B22D76F22A009B8B6D /* Resources */,
			);
			buildRules = (
			);
			dependencies = (
				7AD711B62D76F22A009B8B6D /* PBXTargetDependency */,
			);
			fileSystemSynchronizedGroups = (
				7AD711B72D76F22A009B8B6D /* ClubCamUITests */,
			);
			name = ClubCamUITests;
			packageProductDependencies = (
			);
			productName = ClubCamUITests;
			productReference = 7AD711B42D76F22A009B8B6D /* ClubCamUITests.xctest */;
			productType = "com.apple.product-type.bundle.ui-testing";
		};
/* End PBXNativeTarget section */

/* Begin PBXProject section */
		7AD711922D76F228009B8B6D /* Project object */ = {
			isa = PBXProject;
			attributes = {
				BuildIndependentTargetsInParallel = 1;
				LastSwiftUpdateCheck = 1600;
				LastUpgradeCheck = 1600;
				TargetAttributes = {
					7AD711992D76F228009B8B6D = {
						CreatedOnToolsVersion = 16.0;
					};
					7AD711A92D76F229009B8B6D = {
						CreatedOnToolsVersion = 16.0;
						TestTargetID = 7AD711992D76F228009B8B6D;
					};
					7AD711B32D76F22A009B8B6D = {
						CreatedOnToolsVersion = 16.0;
						TestTargetID = 7AD711992D76F228009B8B6D;
					};
				};
			};
			buildConfigurationList = 7AD711952D76F228009B8B6D /* Build configuration list for PBXProject "ClubCam" */;
			developmentRegion = en;
			hasScannedForEncodings = 0;
			knownRegions = (
				en,
				Base,
			);
			mainGroup = 7AD711912D76F228009B8B6D;
			minimizedProjectReferenceProxies = 1;
			preferredProjectObjectVersion = 77;
			productRefGroup = 7AD7119B2D76F228009B8B6D /* Products */;
			projectDirPath = "";
			projectRoot = "";
			targets = (
				7AD711992D76F228009B8B6D /* ClubCam */,
				7AD711A92D76F229009B8B6D /* ClubCamTests */,
				7AD711B32D76F22A009B8B6D /* ClubCamUITests */,
			);
		};
/* End PBXProject section */

/* Begin PBXResourcesBuildPhase section */
		7AD711982D76F228009B8B6D /* Resources */ = {
			isa = PBXResourcesBuildPhase;
			buildActionMask = 2147483647;
			files = (
			);
			runOnlyForDeploymentPostprocessing = 0;
		};
		7AD711A82D76F229009B8B6D /* Resources */ = {
			isa = PBXResourcesBuildPhase;
			buildActionMask = 2147483647;
			files = (
			);
			runOnlyForDeploymentPostprocessing = 0;
		};
		7AD711B22D76F22A009B8B6D /* Resources */ = {
			isa = PBXResourcesBuildPhase;
			buildActionMask = 2147483647;
			files = (
			);
			runOnlyForDeploymentPostprocessing = 0;
		};
/* End PBXResourcesBuildPhase section */

/* Begin PBXSourcesBuildPhase section */
		7AD711962D76F228009B8B6D /* Sources */ = {
			isa = PBXSourcesBuildPhase;
			buildActionMask = 2147483647;
			files = (
			);
			runOnlyForDeploymentPostprocessing = 0;
		};
		7AD711A62D76F229009B8B6D /* Sources */ = {
			isa = PBXSourcesBuildPhase;
			buildActionMask = 2147483647;
			files = (
			);
			runOnlyForDeploymentPostprocessing = 0;
		};
		7AD711B02D76F22A009B8B6D /* Sources */ = {
			isa = PBXSourcesBuildPhase;
			buildActionMask = 2147483647;
			files = (
			);
			runOnlyForDeploymentPostprocessing = 0;
		};
/* End PBXSourcesBuildPhase section */

/* Begin PBXTargetDependency section */
		7AD711AC2D76F229009B8B6D /* PBXTargetDependency */ = {
			isa = PBXTargetDependency;
			target = 7AD711992D76F228009B8B6D /* ClubCam */;
			targetProxy = 7AD711AB2D76F229009B8B6D /* PBXContainerItemProxy */;
		};
		7AD711B62D76F22A009B8B6D /* PBXTargetDependency */ = {
			isa = PBXTargetDependency;
			target = 7AD711992D76F228009B8B6D /* ClubCam */;
			targetProxy = 7AD711B52D76F22A009B8B6D /* PBXContainerItemProxy */;
		};
/* End PBXTargetDependency section */

/* Begin XCBuildConfiguration section */
		7AD711BC2D76F22A009B8B6D /* Debug */ = {
			isa = XCBuildConfiguration;
			buildSettings = {
				ALWAYS_SEARCH_USER_PATHS = NO;
				ASSETCATALOG_COMPILER_GENERATE_SWIFT_ASSET_SYMBOL_EXTENSIONS = YES;
				CLANG_ANALYZER_NONNULL = YES;
				CLANG_ANALYZER_NUMBER_OBJECT_CONVERSION = YES_AGGRESSIVE;
				CLANG_CXX_LANGUAGE_STANDARD = "gnu++20";
				CLANG_ENABLE_MODULES = YES;
				CLANG_ENABLE_OBJC_ARC = YES;
				CLANG_ENABLE_OBJC_WEAK = YES;
				CLANG_WARN_BLOCK_CAPTURE_AUTORELEASING = YES;
				CLANG_WARN_BOOL_CONVERSION = YES;
				CLANG_WARN_COMMA = YES;
				CLANG_WARN_CONSTANT_CONVERSION = YES;
				CLANG_WARN_DEPRECATED_OBJC_IMPLEMENTATIONS = YES;
				CLANG_WARN_DIRECT_OBJC_ISA_USAGE = YES_ERROR;
				CLANG_WARN_DOCUMENTATION_COMMENTS = YES;
				CLANG_WARN_EMPTY_BODY = YES;
				CLANG_WARN_ENUM_CONVERSION = YES;
				CLANG_WARN_INFINITE_RECURSION = YES;
				CLANG_WARN_INT_CONVERSION = YES;
				CLANG_WARN_NON_LITERAL_NULL_CONVERSION = YES;
				CLANG_WARN_OBJC_IMPLICIT_RETAIN_SELF = YES;
				CLANG_WARN_OBJC_LITERAL_CONVERSION = YES;
				CLANG_WARN_OBJC_ROOT_CLASS = YES_ERROR;
				CLANG_WARN_QUOTED_INCLUDE_IN_FRAMEWORK_HEADER = YES;
				CLANG_WARN_RANGE_LOOP_ANALYSIS = YES;
				CLANG_WARN_STRICT_PROTOTYPES = YES;
				CLANG_WARN_SUSPICIOUS_MOVE = YES;
				CLANG_WARN_UNGUARDED_AVAILABILITY = YES_AGGRESSIVE;
				CLANG_WARN_UNREACHABLE_CODE = YES;
				CLANG_WARN__DUPLICATE_METHOD_MATCH = YES;
				COPY_PHASE_STRIP = NO;
				DEBUG_INFORMATION_FORMAT = dwarf;
				ENABLE_STRICT_OBJC_MSGSEND = YES;
				ENABLE_TESTABILITY = YES;
				ENABLE_USER_SCRIPT_SANDBOXING = YES;
				GCC_C_LANGUAGE_STANDARD = gnu17;
				GCC_DYNAMIC_NO_PIC = NO;
				GCC_NO_COMMON_BLOCKS = YES;
				GCC_OPTIMIZATION_LEVEL = 0;
				GCC_PREPROCESSOR_DEFINITIONS = (
					"DEBUG=1",
					"$(inherited)",
				);
				GCC_WARN_64_TO_32_BIT_CONVERSION = YES;
				GCC_WARN_ABOUT_RETURN_TYPE = YES_ERROR;
				GCC_WARN_UNDECLARED_SELECTOR = YES;
				GCC_WARN_UNINITIALIZED_AUTOS = YES_AGGRESSIVE;
				GCC_WARN_UNUSED_FUNCTION = YES;
				GCC_WARN_UNUSED_VARIABLE = YES;
				IPHONEOS_DEPLOYMENT_TARGET = 18.0;
				LOCALIZATION_PREFERS_STRING_CATALOGS = YES;
				MTL_ENABLE_DEBUG_INFO = INCLUDE_SOURCE;
				MTL_FAST_MATH = YES;
				ONLY_ACTIVE_ARCH = YES;
				SDKROOT = iphoneos;
				SWIFT_ACTIVE_COMPILATION_CONDITIONS = "DEBUG $(inherited)";
				SWIFT_OPTIMIZATION_LEVEL = "-Onone";
			};
			name = Debug;
		};
		7AD711BD2D76F22A009B8B6D /* Release */ = {
			isa = XCBuildConfiguration;
			buildSettings = {
				ALWAYS_SEARCH_USER_PATHS = NO;
				ASSETCATALOG_COMPILER_GENERATE_SWIFT_ASSET_SYMBOL_EXTENSIONS = YES;
				CLANG_ANALYZER_NONNULL = YES;
				CLANG_ANALYZER_NUMBER_OBJECT_CONVERSION = YES_AGGRESSIVE;
				CLANG_CXX_LANGUAGE_STANDARD = "gnu++20";
				CLANG_ENABLE_MODULES = YES;
				CLANG_ENABLE_OBJC_ARC = YES;
				CLANG_ENABLE_OBJC_WEAK = YES;
				CLANG_WARN_BLOCK_CAPTURE_AUTORELEASING = YES;
				CLANG_WARN_BOOL_CONVERSION = YES;
				CLANG_WARN_COMMA = YES;
				CLANG_WARN_CONSTANT_CONVERSION = YES;
				CLANG_WARN_DEPRECATED_OBJC_IMPLEMENTATIONS = YES;
				CLANG_WARN_DIRECT_OBJC_ISA_USAGE = YES_ERROR;
				CLANG_WARN_DOCUMENTATION_COMMENTS = YES;
				CLANG_WARN_EMPTY_BODY = YES;
				CLANG_WARN_ENUM_CONVERSION = YES;
				CLANG_WARN_INFINITE_RECURSION = YES;
				CLANG_WARN_INT_CONVERSION = YES;
				CLANG_WARN_NON_LITERAL_NULL_CONVERSION = YES;
				CLANG_WARN_OBJC_IMPLICIT_RETAIN_SELF = YES;
				CLANG_WARN_OBJC_LITERAL_CONVERSION = YES;
				CLANG_WARN_OBJC_ROOT_CLASS = YES_ERROR;
				CLANG_WARN_QUOTED_INCLUDE_IN_FRAMEWORK_HEADER = YES;
				CLANG_WARN_RANGE_LOOP_ANALYSIS = YES;
				CLANG_WARN_STRICT_PROTOTYPES = YES;
				CLANG_WARN_SUSPICIOUS_MOVE = YES;
				CLANG_WARN_UNGUARDED_AVAILABILITY = YES_AGGRESSIVE;
				CLANG_WARN_UNREACHABLE_CODE = YES;
				CLANG_WARN__DUPLICATE_METHOD_MATCH = YES;
				COPY_PHASE_STRIP = NO;
				DEBUG_INFORMATION_FORMAT = "dwarf-with-dsym";
				ENABLE_NS_ASSERTIONS = NO;
				ENABLE_STRICT_OBJC_MSGSEND = YES;
				ENABLE_USER_SCRIPT_SANDBOXING = YES;
				GCC_C_LANGUAGE_STANDARD = gnu17;
				GCC_NO_COMMON_BLOCKS = YES;
				GCC_WARN_64_TO_32_BIT_CONVERSION = YES;
				GCC_WARN_ABOUT_RETURN_TYPE = YES_ERROR;
				GCC_WARN_UNDECLARED_SELECTOR = YES;
				GCC_WARN_UNINITIALIZED_AUTOS = YES_AGGRESSIVE;
				GCC_WARN_UNUSED_FUNCTION = YES;
				GCC_WARN_UNUSED_VARIABLE = YES;
				IPHONEOS_DEPLOYMENT_TARGET = 18.0;
				LOCALIZATION_PREFERS_STRING_CATALOGS = YES;
				MTL_ENABLE_DEBUG_INFO = NO;
				MTL_FAST_MATH = YES;
				SDKROOT = iphoneos;
				SWIFT_COMPILATION_MODE = wholemodule;
				VALIDATE_PRODUCT = YES;
			};
			name = Release;
		};
		7AD711BF2D76F22A009B8B6D /* Debug */ = {
			isa = XCBuildConfiguration;
			buildSettings = {
				ASSETCATALOG_COMPILER_APPICON_NAME = AppIcon;
				ASSETCATALOG_COMPILER_GLOBAL_ACCENT_COLOR_NAME = AccentColor;
				CODE_SIGN_STYLE = Automatic;
				CURRENT_PROJECT_VERSION = 1;
				DEVELOPMENT_ASSET_PATHS = "\"ClubCam/Preview Content\"";
				DEVELOPMENT_TEAM = C357DWCQ4C;
				ENABLE_PREVIEWS = YES;
				GENERATE_INFOPLIST_FILE = YES;
				INFOPLIST_FILE = ClubCam/Info.plist;
				INFOPLIST_KEY_UIApplicationSceneManifest_Generation = YES;
				INFOPLIST_KEY_UIApplicationSupportsIndirectInputEvents = YES;
				INFOPLIST_KEY_UILaunchScreen_Generation = YES;
				INFOPLIST_KEY_UISupportedInterfaceOrientations_iPad = "UIInterfaceOrientationPortrait UIInterfaceOrientationPortraitUpsideDown UIInterfaceOrientationLandscapeLeft UIInterfaceOrientationLandscapeRight";
				INFOPLIST_KEY_UISupportedInterfaceOrientations_iPhone = "UIInterfaceOrientationPortrait UIInterfaceOrientationLandscapeLeft UIInterfaceOrientationLandscapeRight";
				IPHONEOS_DEPLOYMENT_TARGET = 17.6;
				LD_RUNPATH_SEARCH_PATHS = (
					"$(inherited)",
					"@executable_path/Frameworks",
				);
				MARKETING_VERSION = 1.0;
				PRODUCT_BUNDLE_IDENTIFIER = "Eyal-Shechtman.ClubCam";
				PRODUCT_NAME = "$(TARGET_NAME)";
				SWIFT_EMIT_LOC_STRINGS = YES;
				SWIFT_VERSION = 5.0;
				TARGETED_DEVICE_FAMILY = "1,2";
			};
			name = Debug;
		};
		7AD711C02D76F22A009B8B6D /* Release */ = {
			isa = XCBuildConfiguration;
			buildSettings = {
				ASSETCATALOG_COMPILER_APPICON_NAME = AppIcon;
				ASSETCATALOG_COMPILER_GLOBAL_ACCENT_COLOR_NAME = AccentColor;
				CODE_SIGN_STYLE = Automatic;
				CURRENT_PROJECT_VERSION = 1;
				DEVELOPMENT_ASSET_PATHS = "\"ClubCam/Preview Content\"";
				DEVELOPMENT_TEAM = C357DWCQ4C;
				ENABLE_PREVIEWS = YES;
				GENERATE_INFOPLIST_FILE = YES;
				INFOPLIST_FILE = ClubCam/Info.plist;
				INFOPLIST_KEY_UIApplicationSceneManifest_Generation = YES;
				INFOPLIST_KEY_UIApplicationSupportsIndirectInputEvents = YES;
				INFOPLIST_KEY_UILaunchScreen_Generation = YES;
				INFOPLIST_KEY_UISupportedInterfaceOrientations_iPad = "UIInterfaceOrientationPortrait UIInterfaceOrientationPortraitUpsideDown UIInterfaceOrientationLandscapeLeft UIInterfaceOrientationLandscapeRight";
				INFOPLIST_KEY_UISupportedInterfaceOrientations_iPhone = "UIInterfaceOrientationPortrait UIInterfaceOrientationLandscapeLeft UIInterfaceOrientationLandscapeRight";
				IPHONEOS_DEPLOYMENT_TARGET = 17.6;
				LD_RUNPATH_SEARCH_PATHS = (
					"$(inherited)",
					"@executable_path/Frameworks",
				);
				MARKETING_VERSION = 1.0;
				PRODUCT_BUNDLE_IDENTIFIER = "Eyal-Shechtman.ClubCam";
				PRODUCT_NAME = "$(TARGET_NAME)";
				SWIFT_EMIT_LOC_STRINGS = YES;
				SWIFT_VERSION = 5.0;
				TARGETED_DEVICE_FAMILY = "1,2";
			};
			name = Release;
		};
		7AD711C22D76F22A009B8B6D /* Debug */ = {
			isa = XCBuildConfiguration;
			buildSettings = {
				BUNDLE_LOADER = "$(TEST_HOST)";
				CODE_SIGN_STYLE = Automatic;
				CURRENT_PROJECT_VERSION = 1;
				DEVELOPMENT_TEAM = C357DWCQ4C;
				GENERATE_INFOPLIST_FILE = YES;
				IPHONEOS_DEPLOYMENT_TARGET = 18.0;
				MARKETING_VERSION = 1.0;
				PRODUCT_BUNDLE_IDENTIFIER = "Eyal-Shechtman.ClubCamTests";
				PRODUCT_NAME = "$(TARGET_NAME)";
				SWIFT_EMIT_LOC_STRINGS = NO;
				SWIFT_VERSION = 5.0;
				TARGETED_DEVICE_FAMILY = "1,2";
				TEST_HOST = "$(BUILT_PRODUCTS_DIR)/ClubCam.app/$(BUNDLE_EXECUTABLE_FOLDER_PATH)/ClubCam";
			};
			name = Debug;
		};
		7AD711C32D76F22A009B8B6D /* Release */ = {
			isa = XCBuildConfiguration;
			buildSettings = {
				BUNDLE_LOADER = "$(TEST_HOST)";
				CODE_SIGN_STYLE = Automatic;
				CURRENT_PROJECT_VERSION = 1;
				DEVELOPMENT_TEAM = C357DWCQ4C;
				GENERATE_INFOPLIST_FILE = YES;
				IPHONEOS_DEPLOYMENT_TARGET = 18.0;
				MARKETING_VERSION = 1.0;
				PRODUCT_BUNDLE_IDENTIFIER = "Eyal-Shechtman.ClubCamTests";
				PRODUCT_NAME = "$(TARGET_NAME)";
				SWIFT_EMIT_LOC_STRINGS = NO;
				SWIFT_VERSION = 5.0;
				TARGETED_DEVICE_FAMILY = "1,2";
				TEST_HOST = "$(BUILT_PRODUCTS_DIR)/ClubCam.app/$(BUNDLE_EXECUTABLE_FOLDER_PATH)/ClubCam";
			};
			name = Release;
		};
		7AD711C52D76F22A009B8B6D /* Debug */ = {
			isa = XCBuildConfiguration;
			buildSettings = {
				CODE_SIGN_STYLE = Automatic;
				CURRENT_PROJECT_VERSION = 1;
				DEVELOPMENT_TEAM = C357DWCQ4C;
				GENERATE_INFOPLIST_FILE = YES;
				MARKETING_VERSION = 1.0;
				PRODUCT_BUNDLE_IDENTIFIER = "Eyal-Shechtman.ClubCamUITests";
				PRODUCT_NAME = "$(TARGET_NAME)";
				SWIFT_EMIT_LOC_STRINGS = NO;
				SWIFT_VERSION = 5.0;
				TARGETED_DEVICE_FAMILY = "1,2";
				TEST_TARGET_NAME = ClubCam;
			};
			name = Debug;
		};
		7AD711C62D76F22A009B8B6D /* Release */ = {
			isa = XCBuildConfiguration;
			buildSettings = {
				CODE_SIGN_STYLE = Automatic;
				CURRENT_PROJECT_VERSION = 1;
				DEVELOPMENT_TEAM = C357DWCQ4C;
				GENERATE_INFOPLIST_FILE = YES;
				MARKETING_VERSION = 1.0;
				PRODUCT_BUNDLE_IDENTIFIER = "Eyal-Shechtman.ClubCamUITests";
				PRODUCT_NAME = "$(TARGET_NAME)";
				SWIFT_EMIT_LOC_STRINGS = NO;
				SWIFT_VERSION = 5.0;
				TARGETED_DEVICE_FAMILY = "1,2";
				TEST_TARGET_NAME = ClubCam;
			};
			name = Release;
		};
/* End XCBuildConfiguration section */

/* Begin XCConfigurationList section */
		7AD711952D76F228009B8B6D /* Build configuration list for PBXProject "ClubCam" */ = {
			isa = XCConfigurationList;
			buildConfigurations = (
				7AD711BC2D76F22A009B8B6D /* Debug */,
				7AD711BD2D76F22A009B8B6D /* Release */,
			);
			defaultConfigurationIsVisible = 0;
			defaultConfigurationName = Release;
		};
		7AD711BE2D76F22A009B8B6D /* Build configuration list for PBXNativeTarget "ClubCam" */ = {
			isa = XCConfigurationList;
			buildConfigurations = (
				7AD711BF2D76F22A009B8B6D /* Debug */,
				7AD711C02D76F22A009B8B6D /* Release */,
			);
			defaultConfigurationIsVisible = 0;
			defaultConfigurationName = Release;
		};
		7AD711C12D76F22A009B8B6D /* Build configuration list for PBXNativeTarget "ClubCamTests" */ = {
			isa = XCConfigurationList;
			buildConfigurations = (
				7AD711C22D76F22A009B8B6D /* Debug */,
				7AD711C32D76F22A009B8B6D /* Release */,
			);
			defaultConfigurationIsVisible = 0;
			defaultConfigurationName = Release;
		};
		7AD711C42D76F22A009B8B6D /* Build configuration list for PBXNativeTarget "ClubCamUITests" */ = {
			isa = XCConfigurationList;
			buildConfigurations = (
				7AD711C52D76F22A009B8B6D /* Debug */,
				7AD711C62D76F22A009B8B6D /* Release */,
			);
			defaultConfigurationIsVisible = 0;
			defaultConfigurationName = Release;
		};
/* End XCConfigurationList section */
	};
	rootObject = 7AD711922D76F228009B8B6D /* Project object */;
}
